// !$*UTF8*$!
{
	archiveVersion = 1;
	classes = {
	};
	objectVersion = 46;
	objects = {

/* Begin PBXBuildFile section */
		5C5B650F1EE019CB00B97E32 /* Main.storyboard in Resources */ = {isa = PBXBuildFile; fileRef = 5C5B650D1EE019CB00B97E32 /* Main.storyboard */; };
		5C5B65141EE019CB00B97E32 /* LaunchScreen.storyboard in Resources */ = {isa = PBXBuildFile; fileRef = 5C5B65121EE019CB00B97E32 /* LaunchScreen.storyboard */; };
		5C5B651F1EE01AFF00B97E32 /* Assets.xcassets in Resources */ = {isa = PBXBuildFile; fileRef = 5C5B651E1EE01AFF00B97E32 /* Assets.xcassets */; };
		5C5B65211EE01B1100B97E32 /* Info.plist in Resources */ = {isa = PBXBuildFile; fileRef = 5C5B65201EE01B1100B97E32 /* Info.plist */; };
		5C5B65231EE01B1C00B97E32 /* AppDelegate.swift in Sources */ = {isa = PBXBuildFile; fileRef = 5C5B65221EE01B1C00B97E32 /* AppDelegate.swift */; };
		5C5B65261EE01B2F00B97E32 /* ViewController.swift in Sources */ = {isa = PBXBuildFile; fileRef = 5C5B65251EE01B2F00B97E32 /* ViewController.swift */; };
		5C5B65281EE01BF100B97E32 /* OxFord.storyboard in Resources */ = {isa = PBXBuildFile; fileRef = 5C5B65271EE01BF100B97E32 /* OxFord.storyboard */; };
/* End PBXBuildFile section */

/* Begin PBXFileReference section */
		5C5B65061EE019CB00B97E32 /* DictionaryIOS.app */ = {isa = PBXFileReference; explicitFileType = wrapper.application; includeInIndex = 0; path = DictionaryIOS.app; sourceTree = BUILT_PRODUCTS_DIR; };
		5C5B650E1EE019CB00B97E32 /* Base */ = {isa = PBXFileReference; lastKnownFileType = file.storyboard; name = Base; path = Base.lproj/Main.storyboard; sourceTree = "<group>"; };
		5C5B65131EE019CB00B97E32 /* Base */ = {isa = PBXFileReference; lastKnownFileType = file.storyboard; name = Base; path = Base.lproj/LaunchScreen.storyboard; sourceTree = "<group>"; };
		5C5B651E1EE01AFF00B97E32 /* Assets.xcassets */ = {isa = PBXFileReference; lastKnownFileType = folder.assetcatalog; path = Assets.xcassets; sourceTree = "<group>"; };
		5C5B65201EE01B1100B97E32 /* Info.plist */ = {isa = PBXFileReference; fileEncoding = 4; lastKnownFileType = text.plist.xml; path = Info.plist; sourceTree = "<group>"; };
		5C5B65221EE01B1C00B97E32 /* AppDelegate.swift */ = {isa = PBXFileReference; fileEncoding = 4; lastKnownFileType = sourcecode.swift; path = AppDelegate.swift; sourceTree = "<group>"; };
		5C5B65251EE01B2F00B97E32 /* ViewController.swift */ = {isa = PBXFileReference; fileEncoding = 4; lastKnownFileType = sourcecode.swift; path = ViewController.swift; sourceTree = "<group>"; };
		5C5B65271EE01BF100B97E32 /* OxFord.storyboard */ = {isa = PBXFileReference; fileEncoding = 4; lastKnownFileType = file.storyboard; path = OxFord.storyboard; sourceTree = "<group>"; };
/* End PBXFileReference section */

/* Begin PBXFrameworksBuildPhase section */
		5C5B65031EE019CB00B97E32 /* Frameworks */ = {
			isa = PBXFrameworksBuildPhase;
			buildActionMask = 2147483647;
			files = (
			);
			runOnlyForDeploymentPostprocessing = 0;
		};
/* End PBXFrameworksBuildPhase section */

/* Begin PBXGroup section */
		5C5B64FD1EE019CB00B97E32 = {
			isa = PBXGroup;
			children = (
				5C5B65081EE019CB00B97E32 /* DictionaryIOS */,
				5C5B65071EE019CB00B97E32 /* Products */,
			);
			sourceTree = "<group>";
		};
		5C5B65071EE019CB00B97E32 /* Products */ = {
			isa = PBXGroup;
			children = (
				5C5B65061EE019CB00B97E32 /* DictionaryIOS.app */,
			);
			name = Products;
			sourceTree = "<group>";
		};
		5C5B65081EE019CB00B97E32 /* DictionaryIOS */ = {
			isa = PBXGroup;
			children = (
				5C5B65241EE01B2F00B97E32 /* ViewController */,
				5C5B651B1EE01AAC00B97E32 /* Resource */,
				5C5B651C1EE01AAC00B97E32 /* StoryBoard */,
				5C5B651D1EE01AC200B97E32 /* SupporttingFile */,
			);
			path = DictionaryIOS;
			sourceTree = "<group>";
		};
		5C5B651B1EE01AAC00B97E32 /* Resource */ = {
			isa = PBXGroup;
			children = (
				5C5B651E1EE01AFF00B97E32 /* Assets.xcassets */,
			);
			path = Resource;
			sourceTree = "<group>";
		};
		5C5B651C1EE01AAC00B97E32 /* StoryBoard */ = {
			isa = PBXGroup;
			children = (
				5C5B650D1EE019CB00B97E32 /* Main.storyboard */,
				5C5B65271EE01BF100B97E32 /* OxFord.storyboard */,
			);
			path = StoryBoard;
			sourceTree = "<group>";
		};
		5C5B651D1EE01AC200B97E32 /* SupporttingFile */ = {
			isa = PBXGroup;
			children = (
				5C5B65221EE01B1C00B97E32 /* AppDelegate.swift */,
				5C5B65201EE01B1100B97E32 /* Info.plist */,
				5C5B65121EE019CB00B97E32 /* LaunchScreen.storyboard */,
			);
			path = SupporttingFile;
			sourceTree = "<group>";
		};
		5C5B65241EE01B2F00B97E32 /* ViewController */ = {
			isa = PBXGroup;
			children = (
				5C5B65251EE01B2F00B97E32 /* ViewController.swift */,
			);
			path = ViewController;
			sourceTree = "<group>";
		};
/* End PBXGroup section */

/* Begin PBXNativeTarget section */
		5C5B65051EE019CB00B97E32 /* DictionaryIOS */ = {
			isa = PBXNativeTarget;
			buildConfigurationList = 5C5B65181EE019CC00B97E32 /* Build configuration list for PBXNativeTarget "DictionaryIOS" */;
			buildPhases = (
				5C5B65021EE019CB00B97E32 /* Sources */,
				5C5B65031EE019CB00B97E32 /* Frameworks */,
				5C5B65041EE019CB00B97E32 /* Resources */,
			);
			buildRules = (
			);
			dependencies = (
			);
			name = DictionaryIOS;
			productName = DictionaryIOS;
			productReference = 5C5B65061EE019CB00B97E32 /* DictionaryIOS.app */;
			productType = "com.apple.product-type.application";
		};
/* End PBXNativeTarget section */

/* Begin PBXProject section */
		5C5B64FE1EE019CB00B97E32 /* Project object */ = {
			isa = PBXProject;
			attributes = {
				LastSwiftUpdateCheck = 0830;
				LastUpgradeCheck = 0830;
				ORGANIZATIONNAME = SSD;
				TargetAttributes = {
					5C5B65051EE019CB00B97E32 = {
						CreatedOnToolsVersion = 8.3.1;
						DevelopmentTeam = V5BCKD2C56;
						ProvisioningStyle = Automatic;
					};
				};
			};
			buildConfigurationList = 5C5B65011EE019CB00B97E32 /* Build configuration list for PBXProject "DictionaryIOS" */;
			compatibilityVersion = "Xcode 3.2";
			developmentRegion = English;
			hasScannedForEncodings = 0;
			knownRegions = (
				en,
				Base,
			);
			mainGroup = 5C5B64FD1EE019CB00B97E32;
			productRefGroup = 5C5B65071EE019CB00B97E32 /* Products */;
			projectDirPath = "";
			projectRoot = "";
			targets = (
				5C5B65051EE019CB00B97E32 /* DictionaryIOS */,
			);
		};
/* End PBXProject section */

/* Begin PBXResourcesBuildPhase section */
		5C5B65041EE019CB00B97E32 /* Resources */ = {
			isa = PBXResourcesBuildPhase;
			buildActionMask = 2147483647;
			files = (
				5C5B65211EE01B1100B97E32 /* Info.plist in Resources */,
				5C5B65141EE019CB00B97E32 /* LaunchScreen.storyboard in Resources */,
				5C5B651F1EE01AFF00B97E32 /* Assets.xcassets in Resources */,
				5C5B65281EE01BF100B97E32 /* OxFord.storyboard in Resources */,
				5C5B650F1EE019CB00B97E32 /* Main.storyboard in Resources */,
			);
			runOnlyForDeploymentPostprocessing = 0;
		};
/* End PBXResourcesBuildPhase section */

/* Begin PBXSourcesBuildPhase section */
		5C5B65021EE019CB00B97E32 /* Sources */ = {
			isa = PBXSourcesBuildPhase;
			buildActionMask = 2147483647;
			files = (
				5C5B65261EE01B2F00B97E32 /* ViewController.swift in Sources */,
				5C5B65231EE01B1C00B97E32 /* AppDelegate.swift in Sources */,
			);
			runOnlyForDeploymentPostprocessing = 0;
		};
/* End PBXSourcesBuildPhase section */

/* Begin PBXVariantGroup section */
		5C5B650D1EE019CB00B97E32 /* Main.storyboard */ = {
			isa = PBXVariantGroup;
			children = (
				5C5B650E1EE019CB00B97E32 /* Base */,
			);
			name = Main.storyboard;
			path = ..;
			sourceTree = "<group>";
		};
		5C5B65121EE019CB00B97E32 /* LaunchScreen.storyboard */ = {
			isa = PBXVariantGroup;
			children = (
				5C5B65131EE019CB00B97E32 /* Base */,
			);
			name = LaunchScreen.storyboard;
			path = ..;
			sourceTree = "<group>";
		};
/* End PBXVariantGroup section */

/* Begin XCBuildConfiguration section */
		5C5B65161EE019CC00B97E32 /* Debug */ = {
			isa = XCBuildConfiguration;
			buildSettings = {
				ALWAYS_SEARCH_USER_PATHS = NO;
				CLANG_ANALYZER_NONNULL = YES;
				CLANG_ANALYZER_NUMBER_OBJECT_CONVERSION = YES_AGGRESSIVE;
				CLANG_CXX_LANGUAGE_STANDARD = "gnu++0x";
				CLANG_CXX_LIBRARY = "libc++";
				CLANG_ENABLE_MODULES = YES;
				CLANG_ENABLE_OBJC_ARC = YES;
				CLANG_WARN_BOOL_CONVERSION = YES;
				CLANG_WARN_CONSTANT_CONVERSION = YES;
				CLANG_WARN_DIRECT_OBJC_ISA_USAGE = YES_ERROR;
				CLANG_WARN_DOCUMENTATION_COMMENTS = YES;
				CLANG_WARN_EMPTY_BODY = YES;
				CLANG_WARN_ENUM_CONVERSION = YES;
				CLANG_WARN_INFINITE_RECURSION = YES;
				CLANG_WARN_INT_CONVERSION = YES;
				CLANG_WARN_OBJC_ROOT_CLASS = YES_ERROR;
				CLANG_WARN_SUSPICIOUS_MOVE = YES;
				CLANG_WARN_UNREACHABLE_CODE = YES;
				CLANG_WARN__DUPLICATE_METHOD_MATCH = YES;
				"CODE_SIGN_IDENTITY[sdk=iphoneos*]" = "iPhone Developer";
				COPY_PHASE_STRIP = NO;
				DEBUG_INFORMATION_FORMAT = dwarf;
				ENABLE_STRICT_OBJC_MSGSEND = YES;
				ENABLE_TESTABILITY = YES;
				GCC_C_LANGUAGE_STANDARD = gnu99;
				GCC_DYNAMIC_NO_PIC = NO;
				GCC_NO_COMMON_BLOCKS = YES;
				GCC_OPTIMIZATION_LEVEL = 0;
				GCC_PREPROCESSOR_DEFINITIONS = (
					"DEBUG=1",
					"$(inherited)",
				);
				GCC_WARN_64_TO_32_BIT_CONVERSION = YES;
				GCC_WARN_ABOUT_RETURN_TYPE = YES_ERROR;
				GCC_WARN_UNDECLARED_SELECTOR = YES;
				GCC_WARN_UNINITIALIZED_AUTOS = YES_AGGRESSIVE;
				GCC_WARN_UNUSED_FUNCTION = YES;
				GCC_WARN_UNUSED_VARIABLE = YES;
				IPHONEOS_DEPLOYMENT_TARGET = 8.0;
				MTL_ENABLE_DEBUG_INFO = YES;
				ONLY_ACTIVE_ARCH = YES;
				SDKROOT = iphoneos;
				SWIFT_ACTIVE_COMPILATION_CONDITIONS = DEBUG;
				SWIFT_OPTIMIZATION_LEVEL = "-Onone";
				TARGETED_DEVICE_FAMILY = "1,2";
			};
			name = Debug;
		};
		5C5B65171EE019CC00B97E32 /* Release */ = {
			isa = XCBuildConfiguration;
			buildSettings = {
				ALWAYS_SEARCH_USER_PATHS = NO;
				CLANG_ANALYZER_NONNULL = YES;
				CLANG_ANALYZER_NUMBER_OBJECT_CONVERSION = YES_AGGRESSIVE;
				CLANG_CXX_LANGUAGE_STANDARD = "gnu++0x";
				CLANG_CXX_LIBRARY = "libc++";
				CLANG_ENABLE_MODULES = YES;
				CLANG_ENABLE_OBJC_ARC = YES;
				CLANG_WARN_BOOL_CONVERSION = YES;
				CLANG_WARN_CONSTANT_CONVERSION = YES;
				CLANG_WARN_DIRECT_OBJC_ISA_USAGE = YES_ERROR;
				CLANG_WARN_DOCUMENTATION_COMMENTS = YES;
				CLANG_WARN_EMPTY_BODY = YES;
				CLANG_WARN_ENUM_CONVERSION = YES;
				CLANG_WARN_INFINITE_RECURSION = YES;
				CLANG_WARN_INT_CONVERSION = YES;
				CLANG_WARN_OBJC_ROOT_CLASS = YES_ERROR;
				CLANG_WARN_SUSPICIOUS_MOVE = YES;
				CLANG_WARN_UNREACHABLE_CODE = YES;
				CLANG_WARN__DUPLICATE_METHOD_MATCH = YES;
				"CODE_SIGN_IDENTITY[sdk=iphoneos*]" = "iPhone Developer";
				COPY_PHASE_STRIP = NO;
				DEBUG_INFORMATION_FORMAT = "dwarf-with-dsym";
				ENABLE_NS_ASSERTIONS = NO;
				ENABLE_STRICT_OBJC_MSGSEND = YES;
				GCC_C_LANGUAGE_STANDARD = gnu99;
				GCC_NO_COMMON_BLOCKS = YES;
				GCC_WARN_64_TO_32_BIT_CONVERSION = YES;
				GCC_WARN_ABOUT_RETURN_TYPE = YES_ERROR;
				GCC_WARN_UNDECLARED_SELECTOR = YES;
				GCC_WARN_UNINITIALIZED_AUTOS = YES_AGGRESSIVE;
				GCC_WARN_UNUSED_FUNCTION = YES;
				GCC_WARN_UNUSED_VARIABLE = YES;
				IPHONEOS_DEPLOYMENT_TARGET = 8.0;
				MTL_ENABLE_DEBUG_INFO = NO;
				SDKROOT = iphoneos;
				SWIFT_OPTIMIZATION_LEVEL = "-Owholemodule";
				TARGETED_DEVICE_FAMILY = "1,2";
				VALIDATE_PRODUCT = YES;
			};
			name = Release;
		};
		5C5B65191EE019CC00B97E32 /* Debug */ = {
			isa = XCBuildConfiguration;
			buildSettings = {
				ASSETCATALOG_COMPILER_APPICON_NAME = AppIcon;
				DEVELOPMENT_TEAM = V5BCKD2C56;
				INFOPLIST_FILE = "$(SRCROOT)/DictionaryIOS/SupporttingFile/Info.plist";
				LD_RUNPATH_SEARCH_PATHS = "$(inherited) @executable_path/Frameworks";
				PRODUCT_BUNDLE_IDENTIFIER = steam.dictionary.com.DictionaryIOS;
				PRODUCT_NAME = "$(TARGET_NAME)";
				SWIFT_VERSION = 3.0;
			};
			name = Debug;
		};
		5C5B651A1EE019CC00B97E32 /* Release */ = {
			isa = XCBuildConfiguration;
			buildSettings = {
				ASSETCATALOG_COMPILER_APPICON_NAME = AppIcon;
				DEVELOPMENT_TEAM = V5BCKD2C56;
				INFOPLIST_FILE = "$(SRCROOT)/DictionaryIOS/SupporttingFile/Info.plist";
				LD_RUNPATH_SEARCH_PATHS = "$(inherited) @executable_path/Frameworks";
				PRODUCT_BUNDLE_IDENTIFIER = steam.dictionary.com.DictionaryIOS;
				PRODUCT_NAME = "$(TARGET_NAME)";
				SWIFT_VERSION = 3.0;
			};
			name = Release;
		};
/* End XCBuildConfiguration section */

/* Begin XCConfigurationList section */
		5C5B65011EE019CB00B97E32 /* Build configuration list for PBXProject "DictionaryIOS" */ = {
			isa = XCConfigurationList;
			buildConfigurations = (
				5C5B65161EE019CC00B97E32 /* Debug */,
				5C5B65171EE019CC00B97E32 /* Release */,
			);
			defaultConfigurationIsVisible = 0;
			defaultConfigurationName = Release;
		};
		5C5B65181EE019CC00B97E32 /* Build configuration list for PBXNativeTarget "DictionaryIOS" */ = {
			isa = XCConfigurationList;
			buildConfigurations = (
				5C5B65191EE019CC00B97E32 /* Debug */,
				5C5B651A1EE019CC00B97E32 /* Release */,
			);
			defaultConfigurationIsVisible = 0;
		};
/* End XCConfigurationList section */
	};
	rootObject = 5C5B64FE1EE019CB00B97E32 /* Project object */;
}
